
Microsoft Visual Studio Solution File, Format Version 12.00
# Visual Studio Version 17
VisualStudioVersion = 17.2.32602.215
MinimumVisualStudioVersion = 10.0.40219.1
Project("{FAE04EC0-301F-11D3-BF4B-00C04F79EFBC}") = "Calculator", "Calculator\Calculator.csproj", "{06CCE229-6A66-4590-91FC-F04BA656D8CF}"
EndProject
Project("{FAE04EC0-301F-11D3-BF4B-00C04F79EFBC}") = "CalculatorLibrary", "CalculaorLibrary\CalculatorLibrary.csproj", "{BC032C96-01BD-48ED-A596-05B7F9877676}"
EndProject
Global
	GlobalSection(SolutionConfigurationPlatforms) = preSolution
		Debug|Any CPU = Debug|Any CPU
		Release|Any CPU = Release|Any CPU
	EndGlobalSection
	GlobalSection(ProjectConfigurationPlatforms) = postSolution
		{06CCE229-6A66-4590-91FC-F04BA656D8CF}.Debug|Any CPU.ActiveCfg = Debug|Any CPU
		{06CCE229-6A66-4590-91FC-F04BA656D8CF}.Debug|Any CPU.Build.0 = Debug|Any CPU
		{06CCE229-6A66-4590-91FC-F04BA656D8CF}.Release|Any CPU.ActiveCfg = Release|Any CPU
		{06CCE229-6A66-4590-91FC-F04BA656D8CF}.Release|Any CPU.Build.0 = Release|Any CPU
		{BC032C96-01BD-48ED-A596-05B7F9877676}.Debug|Any CPU.ActiveCfg = Debug|Any CPU
		{BC032C96-01BD-48ED-A596-05B7F9877676}.Debug|Any CPU.Build.0 = Debug|Any CPU
		{BC032C96-01BD-48ED-A596-05B7F9877676}.Release|Any CPU.ActiveCfg = Release|Any CPU
		{BC032C96-01BD-48ED-A596-05B7F9877676}.Release|Any CPU.Build.0 = Release|Any CPU
	EndGlobalSection
	GlobalSection(SolutionProperties) = preSolution
		HideSolutionNode = FALSE
	EndGlobalSection
	GlobalSection(ExtensibilityGlobals) = postSolution
		SolutionGuid = {0281F0D2-1AF4-48C2-B182-4DDA5BD04480}
	EndGlobalSection
EndGlobal
